
Microsoft Visual Studio Solution File, Format Version 12.00
# Visual Studio 15
VisualStudioVersion = 15.0.28307.852
MinimumVisualStudioVersion = 10.0.40219.1
Project("{FAE04EC0-301F-11D3-BF4B-00C04F79EFBC}") = "wcf_chat", "wcf_chat\wcf_chat.csproj", "{8DEE466B-E63C-4C8F-8455-9637BCA72DCF}"
EndProject
Project("{FAE04EC0-301F-11D3-BF4B-00C04F79EFBC}") = "ChatHost", "ChatHost\ChatHost.csproj", "{C60606BF-7E8A-4E44-84B0-890AFCBE6C72}"
EndProject
Project("{FAE04EC0-301F-11D3-BF4B-00C04F79EFBC}") = "ChatClient", "ChatClient\ChatClient.csproj", "{C23430FE-A3A6-4101-87CB-34998025DDEE}"
EndProject
Global
	GlobalSection(SolutionConfigurationPlatforms) = preSolution
		Debug|Any CPU = Debug|Any CPU
		Release|Any CPU = Release|Any CPU
	EndGlobalSection
	GlobalSection(ProjectConfigurationPlatforms) = postSolution
		{8DEE466B-E63C-4C8F-8455-9637BCA72DCF}.Debug|Any CPU.ActiveCfg = Debug|Any CPU
		{8DEE466B-E63C-4C8F-8455-9637BCA72DCF}.Debug|Any CPU.Build.0 = Debug|Any CPU
		{8DEE466B-E63C-4C8F-8455-9637BCA72DCF}.Release|Any CPU.ActiveCfg = Release|Any CPU
		{8DEE466B-E63C-4C8F-8455-9637BCA72DCF}.Release|Any CPU.Build.0 = Release|Any CPU
		{C60606BF-7E8A-4E44-84B0-890AFCBE6C72}.Debug|Any CPU.ActiveCfg = Debug|Any CPU
		{C60606BF-7E8A-4E44-84B0-890AFCBE6C72}.Debug|Any CPU.Build.0 = Debug|Any CPU
		{C60606BF-7E8A-4E44-84B0-890AFCBE6C72}.Release|Any CPU.ActiveCfg = Release|Any CPU
		{C60606BF-7E8A-4E44-84B0-890AFCBE6C72}.Release|Any CPU.Build.0 = Release|Any CPU
		{C23430FE-A3A6-4101-87CB-34998025DDEE}.Debug|Any CPU.ActiveCfg = Debug|Any CPU
		{C23430FE-A3A6-4101-87CB-34998025DDEE}.Debug|Any CPU.Build.0 = Debug|Any CPU
		{C23430FE-A3A6-4101-87CB-34998025DDEE}.Release|Any CPU.ActiveCfg = Release|Any CPU
		{C23430FE-A3A6-4101-87CB-34998025DDEE}.Release|Any CPU.Build.0 = Release|Any CPU
	EndGlobalSection
	GlobalSection(SolutionProperties) = preSolution
		HideSolutionNode = FALSE
	EndGlobalSection
	GlobalSection(ExtensibilityGlobals) = postSolution
		SolutionGuid = {F564003F-5486-495F-9812-AFC2FC8E5F7A}
	EndGlobalSection
EndGlobal
